
Microsoft Visual Studio Solution File, Format Version 12.00
# Visual Studio Version 17
VisualStudioVersion = 17.8.34309.116
MinimumVisualStudioVersion = 10.0.40219.1
Project("{FAE04EC0-301F-11D3-BF4B-00C04F79EFBC}") = "WpfApp1", "WpfApp1.csproj", "{90E86EFD-C58D-4D1A-A245-6B12D1CAF0D3}"
EndProject
Global
	GlobalSection(SolutionConfigurationPlatforms) = preSolution
		Debug|Any CPU = Debug|Any CPU
		Release|Any CPU = Release|Any CPU
	EndGlobalSection
	GlobalSection(ProjectConfigurationPlatforms) = postSolution
		{90E86EFD-C58D-4D1A-A245-6B12D1CAF0D3}.Debug|Any CPU.ActiveCfg = Debug|Any CPU
		{90E86EFD-C58D-4D1A-A245-6B12D1CAF0D3}.Debug|Any CPU.Build.0 = Debug|Any CPU
		{90E86EFD-C58D-4D1A-A245-6B12D1CAF0D3}.Release|Any CPU.ActiveCfg = Release|Any CPU
		{90E86EFD-C58D-4D1A-A245-6B12D1CAF0D3}.Release|Any CPU.Build.0 = Release|Any CPU
	EndGlobalSection
	GlobalSection(SolutionProperties) = preSolution
		HideSolutionNode = FALSE
	EndGlobalSection
	GlobalSection(ExtensibilityGlobals) = postSolution
		SolutionGuid = {B734BE3C-9025-449E-86CE-A69C232A278E}
	EndGlobalSection
EndGlobal
